
Microsoft Visual Studio Solution File, Format Version 12.00
# Visual Studio Version 17
VisualStudioVersion = 17.6.33815.320
MinimumVisualStudioVersion = 10.0.40219.1
Project("{9A19103F-16F7-4668-BE54-9A1E7A4F7556}") = "AvaloniaTestColorConverter", "AvaloniaTestColorConverter\AvaloniaTestColorConverter.csproj", "{BE0FCB2C-4A1C-40A9-B4B1-01E3D717B2F3}"
EndProject
Project("{9A19103F-16F7-4668-BE54-9A1E7A4F7556}") = "AvaloniaTestColorConverter.Desktop", "AvaloniaTestColorConverter.Desktop\AvaloniaTestColorConverter.Desktop.csproj", "{2473595E-1B0F-46E0-8503-59E81B43FDE1}"
EndProject
Project("{9A19103F-16F7-4668-BE54-9A1E7A4F7556}") = "AvaloniaTestColorConverter.Browser", "AvaloniaTestColorConverter.Browser\AvaloniaTestColorConverter.Browser.csproj", "{FF1C8040-7A37-4729-9B09-E373259FCD01}"
EndProject
Global
	GlobalSection(SolutionConfigurationPlatforms) = preSolution
		Debug|Any CPU = Debug|Any CPU
		Release|Any CPU = Release|Any CPU
	EndGlobalSection
	GlobalSection(ProjectConfigurationPlatforms) = postSolution
		{BE0FCB2C-4A1C-40A9-B4B1-01E3D717B2F3}.Debug|Any CPU.ActiveCfg = Debug|Any CPU
		{BE0FCB2C-4A1C-40A9-B4B1-01E3D717B2F3}.Debug|Any CPU.Build.0 = Debug|Any CPU
		{BE0FCB2C-4A1C-40A9-B4B1-01E3D717B2F3}.Release|Any CPU.ActiveCfg = Release|Any CPU
		{BE0FCB2C-4A1C-40A9-B4B1-01E3D717B2F3}.Release|Any CPU.Build.0 = Release|Any CPU
		{2473595E-1B0F-46E0-8503-59E81B43FDE1}.Debug|Any CPU.ActiveCfg = Debug|Any CPU
		{2473595E-1B0F-46E0-8503-59E81B43FDE1}.Debug|Any CPU.Build.0 = Debug|Any CPU
		{2473595E-1B0F-46E0-8503-59E81B43FDE1}.Release|Any CPU.ActiveCfg = Release|Any CPU
		{2473595E-1B0F-46E0-8503-59E81B43FDE1}.Release|Any CPU.Build.0 = Release|Any CPU
		{FF1C8040-7A37-4729-9B09-E373259FCD01}.Debug|Any CPU.ActiveCfg = Debug|Any CPU
		{FF1C8040-7A37-4729-9B09-E373259FCD01}.Debug|Any CPU.Build.0 = Debug|Any CPU
		{FF1C8040-7A37-4729-9B09-E373259FCD01}.Release|Any CPU.ActiveCfg = Release|Any CPU
		{FF1C8040-7A37-4729-9B09-E373259FCD01}.Release|Any CPU.Build.0 = Release|Any CPU
	EndGlobalSection
	GlobalSection(SolutionProperties) = preSolution
		HideSolutionNode = FALSE
	EndGlobalSection
	GlobalSection(ExtensibilityGlobals) = postSolution
		SolutionGuid = {83225CAA-CAE0-4713-AE57-850CB0A72A4D}
	EndGlobalSection
EndGlobal
